# @generated - this file is auto-generated by `mise lock` https://mise.en.dev/dev-tools/mise-lock.html

[[tools.dprint]]
version = "0.59.0"
backend = "aqua:dprint/dprint"

[tools.dprint."platforms.linux-arm64"]
checksum = "sha256:4c767249bd35be5d3a0fab98a2eb94bcc439330a45d40c2681032d27ed1032b1"
url = "https://github.com/dprint/dprint/releases/download/0.59.0/dprint-aarch64-unknown-linux-gnu.zip"
url_api = "https://api.github.com/repos/dprint/dprint/releases/assets/606399175"
provenance = "github-attestations"

[tools.dprint."platforms.macos-arm64"]
checksum = "sha256:1888b152b3541c3690ec5291dd58bde7116e6c8beb4aa1f242187f22071df22f"
url = "https://github.com/dprint/dprint/releases/download/0.59.0/dprint-aarch64-apple-darwin.zip"
url_api = "https://api.github.com/repos/dprint/dprint/releases/assets/606399171"
provenance = "github-attestations"

[[tools.prek]]
version = "0.5.4"
backend = "aqua:j178/prek"

[tools.prek."platforms.linux-arm64"]
checksum = "sha256:5478e436210b5226b8db3dccdd1a2e9094b1c63d81155d96bfa8b83f0398885c"
url = "https://github.com/j178/prek/releases/download/v0.5.4/prek-aarch64-unknown-linux-gnu.tar.gz"
url_api = "https://api.github.com/repos/j178/prek/releases/assets/594534943"
provenance = "github-attestations"

[tools.prek."platforms.macos-arm64"]
checksum = "sha256:88eec06dd10fd61a9b345223fafc9bedb6746ee4cc47377551239d89d752b365"
url = "https://github.com/j178/prek/releases/download/v0.5.4/prek-aarch64-apple-darwin.tar.gz"
url_api = "https://api.github.com/repos/j178/prek/releases/assets/594534934"
provenance = "github-attestations"

[[tools.trufflehog]]
version = "v3.97.9"
backend = "aqua:trufflesecurity/trufflehog"

[tools.trufflehog."platforms.linux-arm64"]
checksum = "sha256:372c568695d49e53517075b5f74d1ee9a19053f13661d689c7928ee1fc27d705"
url = "https://github.com/trufflesecurity/trufflehog/releases/download/v3.97.9/trufflehog_3.97.9_linux_arm64.tar.gz"
url_api = "https://api.github.com/repos/trufflesecurity/trufflehog/releases/assets/585605747"

[tools.trufflehog."platforms.macos-arm64"]
checksum = "sha256:3d25c178fe1a2563687b22547adcaebcf08cc8a607315c6741fe396c597951f7"
url = "https://github.com/trufflesecurity/trufflehog/releases/download/v3.97.9/trufflehog_3.97.9_darwin_arm64.tar.gz"
url_api = "https://api.github.com/repos/trufflesecurity/trufflehog/releases/assets/585605746"
