# @generated - this file is auto-generated by `mise lock` https://mise.en.dev/dev-tools/mise-lock.html

[[tools.dprint]]
version = "0.55.1"
backend = "aqua:dprint/dprint"

[tools.dprint."platforms.linux-arm64"]
checksum = "sha256:2d414d659034650bc25b208a87ab427cd01a7ac6c21b3ed2191cf92e1b58f76c"
url = "https://github.com/dprint/dprint/releases/download/0.55.1/dprint-aarch64-unknown-linux-musl.zip"

[tools.dprint."platforms.macos-arm64"]
checksum = "sha256:94a9ce5ca91dbb609d4f22f2ccf28d8b422627c0944c6ee63d1beecac28f8cd4"
url = "https://github.com/dprint/dprint/releases/download/0.55.1/dprint-aarch64-apple-darwin.zip"

[[tools.prek]]
version = "0.4.8"
backend = "aqua:j178/prek"

[tools.prek."platforms.linux-arm64"]
checksum = "sha256:379108e6b2db7d49277ad2986446097f442b252ef27ff07bd0cbf716de982eb1"
url = "https://github.com/j178/prek/releases/download/v0.4.8/prek-aarch64-unknown-linux-musl.tar.gz"
provenance = "github-attestations"

[tools.prek."platforms.macos-arm64"]
checksum = "sha256:f0084a9b5ce467c00306b2b329cc929744e2723ed1e7c369929a60ab10196fcc"
url = "https://github.com/j178/prek/releases/download/v0.4.8/prek-aarch64-apple-darwin.tar.gz"
provenance = "github-attestations"

[[tools.trufflehog]]
version = "3.95.8"
backend = "aqua:trufflesecurity/trufflehog"

[tools.trufflehog."platforms.linux-arm64"]
checksum = "sha256:49231b33cdd49dee4e98c7efc9acfb16e8d08ac5fed84bf7e983656487a96b98"
url = "https://github.com/trufflesecurity/trufflehog/releases/download/v3.95.8/trufflehog_3.95.8_linux_arm64.tar.gz"

[tools.trufflehog."platforms.macos-arm64"]
checksum = "sha256:d6ed1f34499b97aae275e400a207c6f5d5c25b0626ddc464b82c104a719cd33b"
url = "https://github.com/trufflesecurity/trufflehog/releases/download/v3.95.8/trufflehog_3.95.8_darwin_arm64.tar.gz"
