# @generated - this file is auto-generated by `mise lock` https://mise.jdx.dev/dev-tools/mise-lock.html

[[tools."aqua:astral-sh/uv"]]
version = "0.12.4"
backend = "aqua:astral-sh/uv"

[tools."aqua:astral-sh/uv"."platforms.linux-arm64"]
checksum = "sha256:04ed16e895b08065720e3d06cde722f0d406b63d116247d5e7776525c41f4972"
url = "https://github.com/astral-sh/uv/releases/download/0.12.4/uv-aarch64-unknown-linux-musl.tar.gz"
url_api = "https://api.github.com/repos/astral-sh/uv/releases/assets/513521211"
provenance = "github-attestations"

[tools."aqua:astral-sh/uv"."platforms.macos-arm64"]
checksum = "sha256:99a913b606194867b43086404412c1afe079547fee72ecfb6af7e7b0dd54b0c6"
url = "https://github.com/astral-sh/uv/releases/download/0.12.4/uv-aarch64-apple-darwin.tar.gz"
url_api = "https://api.github.com/repos/astral-sh/uv/releases/assets/513521194"
provenance = "github-attestations"

[[tools.aube]]
version = "1.40.0"
backend = "github:endevco/aube"

[tools.aube."platforms.linux-arm64"]
checksum = "sha256:166a2a9ec4b006a3f3991b50b426f6fdf808bbb9b87b45eeaff199e4919f2ce2"
url = "https://github.com/jdx/aube/releases/download/v1.40.0/aube-v1.40.0-aarch64-unknown-linux-gnu.tar.gz"
url_api = "https://api.github.com/repos/jdx/aube/releases/assets/513113769"
provenance = "github-attestations"

[tools.aube."platforms.macos-arm64"]
checksum = "sha256:9aaf56a7cb105449677084825c73816743e3df504861351a5af06c596e6f84e4"
url = "https://github.com/jdx/aube/releases/download/v1.40.0/aube-v1.40.0-aarch64-apple-darwin.tar.gz"
url_api = "https://api.github.com/repos/jdx/aube/releases/assets/513152932"
provenance = "github-attestations"

[[tools.bat]]
version = "0.26.1"
backend = "aqua:sharkdp/bat"

[tools.bat."platforms.linux-arm64"]
checksum = "sha256:6369242c584065f195fb20cb36fbd7cb63ae690605bbe89868a7596b596c2c23"
url = "https://github.com/sharkdp/bat/releases/download/v0.26.1/bat-v0.26.1-aarch64-unknown-linux-musl.tar.gz"
url_api = "https://api.github.com/repos/sharkdp/bat/releases/assets/323548153"

[tools.bat."platforms.macos-arm64"]
checksum = "sha256:e30beff26779c9bf60bb541e1d79046250cb74378f2757f8eb250afddb19e114"
url = "https://github.com/sharkdp/bat/releases/download/v0.26.1/bat-v0.26.1-aarch64-apple-darwin.tar.gz"
url_api = "https://api.github.com/repos/sharkdp/bat/releases/assets/323548442"

[[tools.chezmoi]]
version = "2.72.0"
backend = "aqua:twpayne/chezmoi"

[tools.chezmoi."platforms.linux-arm64"]
checksum = "sha256:e79a27621256390f03166d3965e6a1946f983a096c4d90f02c43d2aa5b563728"
url = "https://github.com/twpayne/chezmoi/releases/download/v2.72.0/chezmoi_2.72.0_linux_arm64.tar.gz"
url_api = "https://api.github.com/repos/twpayne/chezmoi/releases/assets/499173963"
provenance = "cosign"

[tools.chezmoi."platforms.macos-arm64"]
checksum = "sha256:53e576042afba703290bbc320e64d0b6bdf1082a8fb9f0d13b97e68a6e6c059f"
url = "https://github.com/twpayne/chezmoi/releases/download/v2.72.0/chezmoi_2.72.0_darwin_arm64.tar.gz"
url_api = "https://api.github.com/repos/twpayne/chezmoi/releases/assets/499173948"
provenance = "cosign"

[[tools.delta]]
version = "0.19.2"
backend = "aqua:dandavison/delta"

[tools.delta."platforms.linux-arm64"]
checksum = "sha256:0bfce159a5cddd5feb3d6db4a616d883ff51253ce08ac7ec11cb1d208cfaab9e"
url = "https://github.com/dandavison/delta/releases/download/0.19.2/delta-0.19.2-aarch64-unknown-linux-gnu.tar.gz"
url_api = "https://api.github.com/repos/dandavison/delta/releases/assets/383662337"

[tools.delta."platforms.macos-arm64"]
checksum = "sha256:9be36612a5a13e9e386dc498fb8e50dc87c72ee42b63db0ea05b32f99a72a69a"
url = "https://github.com/dandavison/delta/releases/download/0.19.2/delta-0.19.2-aarch64-apple-darwin.tar.gz"
url_api = "https://api.github.com/repos/dandavison/delta/releases/assets/383662310"

[[tools.devcontainer-cli]]
version = "0.88.0"
backend = "npm:@devcontainers/cli"

[[tools.fzf]]
version = "0.74.2"
backend = "aqua:junegunn/fzf"

[tools.fzf."platforms.linux-arm64"]
checksum = "sha256:1373e3f5ed3c468179d4529942ddd96c234bcad1bcacaf238916e26a5234b5b2"
url = "https://github.com/junegunn/fzf/releases/download/v0.74.2/fzf-0.74.2-linux_arm64.tar.gz"
url_api = "https://api.github.com/repos/junegunn/fzf/releases/assets/497342620"

[tools.fzf."platforms.macos-arm64"]
checksum = "sha256:d60ddb36356566ac69bae7c3504e888916cf747c9ad2132141c09229b1e28dee"
url = "https://github.com/junegunn/fzf/releases/download/v0.74.2/fzf-0.74.2-darwin_arm64.tar.gz"
url_api = "https://api.github.com/repos/junegunn/fzf/releases/assets/497342630"

[[tools.github-cli]]
version = "2.97.0"
backend = "aqua:cli/cli"

[tools.github-cli."platforms.linux-arm64"]
checksum = "sha256:73ea440ecad9c9e284429997ee6f93577bc6f7bc6fba357ef62c53ad8fb641a5"
url = "https://github.com/cli/cli/releases/download/v2.97.0/gh_2.97.0_linux_arm64.tar.gz"
url_api = "https://api.github.com/repos/cli/cli/releases/assets/496108278"
provenance = "github-attestations"

[tools.github-cli."platforms.macos-arm64"]
checksum = "sha256:a58b8fd77b417a38f47a0b54d1370c59b0fcdb324ccc9ca002b0998f7c4c999e"
url = "https://github.com/cli/cli/releases/download/v2.97.0/gh_2.97.0_macOS_arm64.zip"
url_api = "https://api.github.com/repos/cli/cli/releases/assets/496108298"
provenance = "github-attestations"

[[tools.k6]]
version = "2.2.0"
backend = "aqua:grafana/k6"

[tools.k6."platforms.linux-arm64"]
checksum = "sha256:4ecd64cadcc792402d16293836115480419c4447c032858f564852d98f1bf54c"
url = "https://github.com/grafana/k6/releases/download/v2.2.0/k6-v2.2.0-linux-arm64.tar.gz"
url_api = "https://api.github.com/repos/grafana/k6/releases/assets/508824463"

[tools.k6."platforms.macos-arm64"]
checksum = "sha256:37a028506bf13578de66c906296803775df28cc2504b1a8c5d786b2803e757c7"
url = "https://github.com/grafana/k6/releases/download/v2.2.0/k6-v2.2.0-macos-arm64.zip"
url_api = "https://api.github.com/repos/grafana/k6/releases/assets/508824492"

[[tools.k9s]]
version = "0.51.0"
backend = "aqua:derailed/k9s"

[tools.k9s."platforms.linux-arm64"]
checksum = "sha256:3ee05c82e5f9198928a4e86133608ba6a2c10a2244d6a7789e820f78319d640c"
url = "https://github.com/derailed/k9s/releases/download/v0.51.0/k9s_Linux_arm64.tar.gz"
url_api = "https://api.github.com/repos/derailed/k9s/releases/assets/440226045"

[tools.k9s."platforms.macos-arm64"]
checksum = "sha256:9b8c0e8f461e5d33aeee43a67f5ef4aff646a008a786887b8266cbb153c610cc"
url = "https://github.com/derailed/k9s/releases/download/v0.51.0/k9s_Darwin_arm64.tar.gz"
url_api = "https://api.github.com/repos/derailed/k9s/releases/assets/440224326"

[[tools.node]]
version = "26.7.0"
backend = "core:node"

[tools.node."platforms.linux-arm64"]
checksum = "sha256:925aa6157dd37542d0d7f2e28b7bf61e7b39284411210b0498bc3788db4aef68"
url = "https://nodejs.org/dist/v26.7.0/node-v26.7.0-linux-arm64.tar.gz"

[tools.node."platforms.macos-arm64"]
checksum = "sha256:7ee659a7768e641bbfd5360940660b8e8fd0052f77488f365562bac522fc15d4"
url = "https://nodejs.org/dist/v26.7.0/node-v26.7.0-darwin-arm64.tar.gz"

[[tools.prek]]
version = "0.4.13"
backend = "aqua:j178/prek"

[tools.prek."platforms.linux-arm64"]
checksum = "sha256:ecbddcf4aad45eca7073f62dcea717f1e523901ada5c2fd668e6dce812f7790e"
url = "https://github.com/j178/prek/releases/download/v0.4.13/prek-aarch64-unknown-linux-musl.tar.gz"
url_api = "https://api.github.com/repos/j178/prek/releases/assets/508529763"
provenance = "github-attestations"

[tools.prek."platforms.macos-arm64"]
checksum = "sha256:776da7aa143b3cb11125f9c6f44ab5af157c176c992b7bfbafc1b155a44ac769"
url = "https://github.com/j178/prek/releases/download/v0.4.13/prek-aarch64-apple-darwin.tar.gz"
url_api = "https://api.github.com/repos/j178/prek/releases/assets/508529745"
provenance = "github-attestations"

[[tools.python]]
version = "3.14.7"
backend = "core:python"

[tools.python."platforms.linux-arm64"]
checksum = "sha256:86dfb106b303fa6a1991f7da42ced3e11576f777be299b3162e06617b6d22542"
url = "https://github.com/astral-sh/python-build-standalone/releases/download/20260814/cpython-3.14.7+20260814-aarch64-unknown-linux-gnu-install_only_stripped.tar.gz"
provenance = "github-attestations"

[tools.python."platforms.macos-arm64"]
checksum = "sha256:423717c485b9ee7822590b9d973c1b5fb2cda0fe43448ab82a3d44f823bd329c"
url = "https://github.com/astral-sh/python-build-standalone/releases/download/20260814/cpython-3.14.7+20260814-aarch64-apple-darwin-install_only_stripped.tar.gz"
provenance = "github-attestations"

[[tools.rg]]
version = "15.2.0"
backend = "aqua:BurntSushi/ripgrep"

[tools.rg."platforms.linux-arm64"]
checksum = "sha256:a740b91c82eaf9914cfedd353572f2791cbe0162c84101ee0951058f4dcbc90d"
url = "https://github.com/BurntSushi/ripgrep/releases/download/15.2.0/ripgrep-15.2.0-aarch64-unknown-linux-gnu.tar.gz"
url_api = "https://api.github.com/repos/BurntSushi/ripgrep/releases/assets/478119579"

[tools.rg."platforms.macos-arm64"]
checksum = "sha256:3750b2e93f37e0c692657da574d7019a101c0084da05a790c83fd335bad973e4"
url = "https://github.com/BurntSushi/ripgrep/releases/download/15.2.0/ripgrep-15.2.0-aarch64-apple-darwin.tar.gz"
url_api = "https://api.github.com/repos/BurntSushi/ripgrep/releases/assets/478118851"

[[tools.rtk]]
version = "v0.45.0"
backend = "aqua:rtk-ai/rtk"

[tools.rtk."platforms.linux-arm64"]
checksum = "sha256:80a746dd305ef944ff50ef011ae4ce3878dd5ba88dfe35d859d05498191637c3"
url = "https://github.com/rtk-ai/rtk/releases/download/v0.45.0/rtk-aarch64-unknown-linux-gnu.tar.gz"
url_api = "https://api.github.com/repos/rtk-ai/rtk/releases/assets/504971575"

[tools.rtk."platforms.macos-arm64"]
checksum = "sha256:064151cfc2d50b24d810b06a0af2e41b9c945e83534e4c438c3d3eae607fc3f4"
url = "https://github.com/rtk-ai/rtk/releases/download/v0.45.0/rtk-aarch64-apple-darwin.tar.gz"
url_api = "https://api.github.com/repos/rtk-ai/rtk/releases/assets/504971576"

[[tools.starship]]
version = "1.26.0"
backend = "aqua:starship/starship"

[tools.starship."platforms.linux-arm64"]
checksum = "sha256:dc30189378d2f2e287384e8a692d3f95ad1df64cf0e8c36aa9201516028aed6b"
url = "https://github.com/starship/starship/releases/download/v1.26.0/starship-aarch64-unknown-linux-musl.tar.gz"
url_api = "https://api.github.com/repos/starship/starship/releases/assets/460374586"

[tools.starship."platforms.macos-arm64"]
checksum = "sha256:c40b27b11f580411e068f2fa6c1be7830a387c0bc47a94d1d37f32b054c5361d"
url = "https://github.com/starship/starship/releases/download/v1.26.0/starship-aarch64-apple-darwin.tar.gz"
url_api = "https://api.github.com/repos/starship/starship/releases/assets/460374577"
